// !$*UTF8*$!
{
	archiveVersion = 1;
	classes = {
	};
	objectVersion = 46;
	objects = {

/* Begin PBXBuildFile section */
		00E356F31AD99517003FC87E /* rrTests.m in Sources */ = {isa = PBXBuildFile; fileRef = 00E356F21AD99517003FC87E /* rrTests.m */; };
		032D3F7E245501F800877A81 /* Dummy.swift in Sources */ = {isa = PBXBuildFile; fileRef = 032D3F7D245501F800877A81 /* Dummy.swift */; };
		065E1A9CC183419D987D8650 /* MontserratAlternates-SemiBoldItalic.otf in Resources */ = {isa = PBXBuildFile; fileRef = B8CA07EEF9524369997EBF98 /* MontserratAlternates-SemiBoldItalic.otf */; };
		084FBEBC2BB44BE4A89F2C1E /* MontserratAlternates-Light.otf in Resources */ = {isa = PBXBuildFile; fileRef = D307FDCECC294023A467DB3D /* MontserratAlternates-Light.otf */; };
		1081E9CF123A4E2392C33805 /* MontserratAlternates-LightItalic.otf in Resources */ = {isa = PBXBuildFile; fileRef = B9AA49661B20484191527F51 /* MontserratAlternates-LightItalic.otf */; };
		13591EF0B7A7491486653C0B /* MontserratAlternates-MediumItalic.otf in Resources */ = {isa = PBXBuildFile; fileRef = 870759A8D64B49B8B5B64206 /* MontserratAlternates-MediumItalic.otf */; };
		13B07FBC1A68108700A75B9A /* AppDelegate.m in Sources */ = {isa = PBXBuildFile; fileRef = 13B07FB01A68108700A75B9A /* AppDelegate.m */; };
		13B07FBD1A68108700A75B9A /* LaunchScreen.xib in Resources */ = {isa = PBXBuildFile; fileRef = 13B07FB11A68108700A75B9A /* LaunchScreen.xib */; };
		13B07FBF1A68108700A75B9A /* Images.xcassets in Resources */ = {isa = PBXBuildFile; fileRef = 13B07FB51A68108700A75B9A /* Images.xcassets */; };
		13B07FC11A68108700A75B9A /* main.m in Sources */ = {isa = PBXBuildFile; fileRef = 13B07FB71A68108700A75B9A /* main.m */; };
		170DDE72FD244D3C8BE32313 /* Montserrat-ExtraLight.otf in Resources */ = {isa = PBXBuildFile; fileRef = 110EA55B0D4E43D1BEB5B501 /* Montserrat-ExtraLight.otf */; };
		17C2FF4388D64D6088434AE7 /* MontserratAlternates-ThinItalic.otf in Resources */ = {isa = PBXBuildFile; fileRef = 7739B24F3CCE41999E3A7EA0 /* MontserratAlternates-ThinItalic.otf */; };
		17FA715EFA2B4D90BB0A761C /* Montserrat-SemiBold.otf in Resources */ = {isa = PBXBuildFile; fileRef = 2C85BA5662AB4A15905160B0 /* Montserrat-SemiBold.otf */; };
		1C0CFCF736E44B12BF9033F6 /* MontserratAlternates-BoldItalic.otf in Resources */ = {isa = PBXBuildFile; fileRef = F3BFF0FEAABF47108D87D8E5 /* MontserratAlternates-BoldItalic.otf */; };
		29E694871D1E4BA980A38A46 /* MontserratAlternates-Bold.otf in Resources */ = {isa = PBXBuildFile; fileRef = 03BE2525F7874E2CA70821FA /* MontserratAlternates-Bold.otf */; };
		2C14D6B7533A46DAB118B9F1 /* Montserrat-ExtraBoldItalic.otf in Resources */ = {isa = PBXBuildFile; fileRef = AAB45401BE0E42A48DF7CD08 /* Montserrat-ExtraBoldItalic.otf */; };
		2D02E4BC1E0B4A80006451C7 /* AppDelegate.m in Sources */ = {isa = PBXBuildFile; fileRef = 13B07FB01A68108700A75B9A /* AppDelegate.m */; };
		2D02E4BD1E0B4A84006451C7 /* Images.xcassets in Resources */ = {isa = PBXBuildFile; fileRef = 13B07FB51A68108700A75B9A /* Images.xcassets */; };
		2D02E4BF1E0B4AB3006451C7 /* main.m in Sources */ = {isa = PBXBuildFile; fileRef = 13B07FB71A68108700A75B9A /* main.m */; };
		2DCD954D1E0B4F2C00145EB5 /* rrTests.m in Sources */ = {isa = PBXBuildFile; fileRef = 00E356F21AD99517003FC87E /* rrTests.m */; };
		3111C7DCB12147648A0A1F4E /* MontserratAlternates-ExtraLight.otf in Resources */ = {isa = PBXBuildFile; fileRef = 9CAACEB8114A4FEFB6AECA3D /* MontserratAlternates-ExtraLight.otf */; };
		365ADACAC6984911A9FE2CAB /* Montserrat-ThinItalic.otf in Resources */ = {isa = PBXBuildFile; fileRef = 02CC15BFAE6F489A8FBD1D20 /* Montserrat-ThinItalic.otf */; };
		428E7C00A1DF1C1A2C1140EE /* libPods-rrTests.a in Frameworks */ = {isa = PBXBuildFile; fileRef = 34E943675B55A190041D9BC6 /* libPods-rrTests.a */; };
		462AB8B81AB64057B4FF8AFD /* Montserrat-Black.otf in Resources */ = {isa = PBXBuildFile; fileRef = 3311A021947242AF8EE73AE9 /* Montserrat-Black.otf */; };
		48C96B6182E94458ACF92A15 /* MontserratAlternates-Italic.otf in Resources */ = {isa = PBXBuildFile; fileRef = 747A4CE707FB4CEE850B59CC /* MontserratAlternates-Italic.otf */; };
		4B722A83AC69422D93DB6A3D /* Montserrat-BlackItalic.otf in Resources */ = {isa = PBXBuildFile; fileRef = 8AD92DEE6D52471894E00906 /* Montserrat-BlackItalic.otf */; };
		50F71154CEE841FCB08CB677 /* MontserratAlternates-SemiBold.otf in Resources */ = {isa = PBXBuildFile; fileRef = 293261D923E5480280037289 /* MontserratAlternates-SemiBold.otf */; };
		546493A7F91943AF88AE2403 /* MontserratAlternates-Thin.otf in Resources */ = {isa = PBXBuildFile; fileRef = 17C335AD80B74D21AB8049FB /* MontserratAlternates-Thin.otf */; };
		59358B4122A445A4ACB06F96 /* MontserratAlternates-Medium.otf in Resources */ = {isa = PBXBuildFile; fileRef = 5BE138D0114C4A9C88DB1EE2 /* MontserratAlternates-Medium.otf */; };
		5AB87D42BECE4002B99B9900 /* Montserrat-ExtraBold.otf in Resources */ = {isa = PBXBuildFile; fileRef = 76DC6D0F2A87444A8ED7FE41 /* Montserrat-ExtraBold.otf */; };
		5D9570ED1A0B682B5FF5E421 /* libPods-rr-tvOSTests.a in Frameworks */ = {isa = PBXBuildFile; fileRef = 821EC82BD30472D6D387B788 /* libPods-rr-tvOSTests.a */; };
		65A87D6972C544D1B977D96E /* MontserratAlternates-Black.otf in Resources */ = {isa = PBXBuildFile; fileRef = 8B28441381654677BBC133DC /* MontserratAlternates-Black.otf */; };
		6CEFBADE53A7431DB7F86846 /* Montserrat-Regular.otf in Resources */ = {isa = PBXBuildFile; fileRef = A070F511F3664EFA82212C8C /* Montserrat-Regular.otf */; };
		7A392E9BB19F4D9CBCC77447 /* MontserratAlternates-ExtraBold.otf in Resources */ = {isa = PBXBuildFile; fileRef = C9BFAE3BE0274B97A3591860 /* MontserratAlternates-ExtraBold.otf */; };
		8678F0B5AFFB4A9EB3119520 /* Montserrat-BoldItalic.otf in Resources */ = {isa = PBXBuildFile; fileRef = 91BFC87B898643BBA1C7DE89 /* Montserrat-BoldItalic.otf */; };
		8740865E698A4EDB976CAC0E /* Montserrat-Light.otf in Resources */ = {isa = PBXBuildFile; fileRef = 4F2AC5B543BA4C0B8DDF4BE6 /* Montserrat-Light.otf */; };
		93359C4FAA7D474E8A25D774 /* Montserrat-ExtraLightItalic.otf in Resources */ = {isa = PBXBuildFile; fileRef = D4F7981635134E0B89864E80 /* Montserrat-ExtraLightItalic.otf */; };
		94464E84D00F41D0B83F375A /* MontserratAlternates-BlackItalic.otf in Resources */ = {isa = PBXBuildFile; fileRef = A55EA9ABC3AF4A9CAEC7FBFC /* MontserratAlternates-BlackItalic.otf */; };
		9A0A30B264B942AA9F27ACB0 /* Montserrat-Medium.otf in Resources */ = {isa = PBXBuildFile; fileRef = 414275B65AC047D580606848 /* Montserrat-Medium.otf */; };
		A50903E452D634CE572F43CD /* libPods-rr.a in Frameworks */ = {isa = PBXBuildFile; fileRef = 8486CCD792395AAD80956F45 /* libPods-rr.a */; };
		B094A83630854230A6A16985 /* Montserrat-Italic.otf in Resources */ = {isa = PBXBuildFile; fileRef = F17AD1CE9E91419B9439FB1D /* Montserrat-Italic.otf */; };
		B5732287AFB340F19051082E /* Montserrat-Thin.otf in Resources */ = {isa = PBXBuildFile; fileRef = 56258D3D5D7445779D309E75 /* Montserrat-Thin.otf */; };
		B574A1137A614482AE68BF0B /* Montserrat-MediumItalic.otf in Resources */ = {isa = PBXBuildFile; fileRef = 64C44FBC208A40BB9888936E /* Montserrat-MediumItalic.otf */; };
		C552DD59BF974CAC82F48B1D /* MontserratAlternates-ExtraLightItalic.otf in Resources */ = {isa = PBXBuildFile; fileRef = 06FCA376E0784CF8B246E35E /* MontserratAlternates-ExtraLightItalic.otf */; };
		CEF4CE64EB804BE385D37B0F /* Montserrat-LightItalic.otf in Resources */ = {isa = PBXBuildFile; fileRef = 0A74BE599A1E49649E750375 /* Montserrat-LightItalic.otf */; };
		D460134B50BE45E29DAD7A08 /* MontserratAlternates-ExtraBoldItalic.otf in Resources */ = {isa = PBXBuildFile; fileRef = 5B4A2928126C446A98355372 /* MontserratAlternates-ExtraBoldItalic.otf */; };
		D51D6380C6684D978DEC119C /* Montserrat-Bold.otf in Resources */ = {isa = PBXBuildFile; fileRef = 6FCDD4E3168E47E3B76B3E39 /* Montserrat-Bold.otf */; };
		DE54148FBAE244BCADEB531E /* MontserratAlternates-Regular.otf in Resources */ = {isa = PBXBuildFile; fileRef = B18C794F7F334660B49F27E3 /* MontserratAlternates-Regular.otf */; };
		E73B96EF64B84E2183AFCFF6 /* Montserrat-SemiBoldItalic.otf in Resources */ = {isa = PBXBuildFile; fileRef = 99884B2CFA0941FE9CD44137 /* Montserrat-SemiBoldItalic.otf */; };
		EFB606294F69E6FA304BD500 /* libPods-rr-tvOS.a in Frameworks */ = {isa = PBXBuildFile; fileRef = 9D8370FC4C13D1AE1CC8852B /* libPods-rr-tvOS.a */; };
/* End PBXBuildFile section */

/* Begin PBXContainerItemProxy section */
		00E356F41AD99517003FC87E /* PBXContainerItemProxy */ = {
			isa = PBXContainerItemProxy;
			containerPortal = 83CBB9F71A601CBA00E9B192 /* Project object */;
			proxyType = 1;
			remoteGlobalIDString = 13B07F861A680F5B00A75B9A;
			remoteInfo = rr;
		};
		2D02E4911E0B4A5D006451C7 /* PBXContainerItemProxy */ = {
			isa = PBXContainerItemProxy;
			containerPortal = 83CBB9F71A601CBA00E9B192 /* Project object */;
			proxyType = 1;
			remoteGlobalIDString = 2D02E47A1E0B4A5D006451C7;
			remoteInfo = "rr-tvOS";
		};
/* End PBXContainerItemProxy section */

/* Begin PBXFileReference section */
		00E356EE1AD99517003FC87E /* rrTests.xctest */ = {isa = PBXFileReference; explicitFileType = wrapper.cfbundle; includeInIndex = 0; path = rrTests.xctest; sourceTree = BUILT_PRODUCTS_DIR; };
		00E356F11AD99517003FC87E /* Info.plist */ = {isa = PBXFileReference; lastKnownFileType = text.plist.xml; path = Info.plist; sourceTree = "<group>"; };
		00E356F21AD99517003FC87E /* rrTests.m */ = {isa = PBXFileReference; lastKnownFileType = sourcecode.c.objc; path = rrTests.m; sourceTree = "<group>"; };
		02CC15BFAE6F489A8FBD1D20 /* Montserrat-ThinItalic.otf */ = {isa = PBXFileReference; explicitFileType = undefined; fileEncoding = 9; includeInIndex = 0; lastKnownFileType = unknown; name = "Montserrat-ThinItalic.otf"; path = "../assets/fonts/Montserrat-ThinItalic.otf"; sourceTree = "<group>"; };
		032D3F7C245501F800877A81 /* rr-Bridging-Header.h */ = {isa = PBXFileReference; lastKnownFileType = sourcecode.c.h; path = "rr-Bridging-Header.h"; sourceTree = "<group>"; };
		032D3F7D245501F800877A81 /* Dummy.swift */ = {isa = PBXFileReference; lastKnownFileType = sourcecode.swift; path = Dummy.swift; sourceTree = "<group>"; };
		03BE2525F7874E2CA70821FA /* MontserratAlternates-Bold.otf */ = {isa = PBXFileReference; explicitFileType = undefined; fileEncoding = 9; includeInIndex = 0; lastKnownFileType = unknown; name = "MontserratAlternates-Bold.otf"; path = "../assets/fonts/MontserratAlternates-Bold.otf"; sourceTree = "<group>"; };
		06FCA376E0784CF8B246E35E /* MontserratAlternates-ExtraLightItalic.otf */ = {isa = PBXFileReference; explicitFileType = undefined; fileEncoding = 9; includeInIndex = 0; lastKnownFileType = unknown; name = "MontserratAlternates-ExtraLightItalic.otf"; path = "../assets/fonts/MontserratAlternates-ExtraLightItalic.otf"; sourceTree = "<group>"; };
		0A74BE599A1E49649E750375 /* Montserrat-LightItalic.otf */ = {isa = PBXFileReference; explicitFileType = undefined; fileEncoding = 9; includeInIndex = 0; lastKnownFileType = unknown; name = "Montserrat-LightItalic.otf"; path = "../assets/fonts/Montserrat-LightItalic.otf"; sourceTree = "<group>"; };
		110EA55B0D4E43D1BEB5B501 /* Montserrat-ExtraLight.otf */ = {isa = PBXFileReference; explicitFileType = undefined; fileEncoding = 9; includeInIndex = 0; lastKnownFileType = unknown; name = "Montserrat-ExtraLight.otf"; path = "../assets/fonts/Montserrat-ExtraLight.otf"; sourceTree = "<group>"; };
		13B07F961A680F5B00A75B9A /* rr.app */ = {isa = PBXFileReference; explicitFileType = wrapper.application; includeInIndex = 0; path = rr.app; sourceTree = BUILT_PRODUCTS_DIR; };
		13B07FAF1A68108700A75B9A /* AppDelegate.h */ = {isa = PBXFileReference; fileEncoding = 4; lastKnownFileType = sourcecode.c.h; name = AppDelegate.h; path = rr/AppDelegate.h; sourceTree = "<group>"; };
		13B07FB01A68108700A75B9A /* AppDelegate.m */ = {isa = PBXFileReference; fileEncoding = 4; lastKnownFileType = sourcecode.c.objc; name = AppDelegate.m; path = rr/AppDelegate.m; sourceTree = "<group>"; };
		13B07FB21A68108700A75B9A /* Base */ = {isa = PBXFileReference; lastKnownFileType = file.xib; name = Base; path = Base.lproj/LaunchScreen.xib; sourceTree = "<group>"; };
		13B07FB51A68108700A75B9A /* Images.xcassets */ = {isa = PBXFileReference; lastKnownFileType = folder.assetcatalog; name = Images.xcassets; path = rr/Images.xcassets; sourceTree = "<group>"; };
		13B07FB61A68108700A75B9A /* Info.plist */ = {isa = PBXFileReference; fileEncoding = 4; lastKnownFileType = text.plist.xml; name = Info.plist; path = rr/Info.plist; sourceTree = "<group>"; };
		13B07FB71A68108700A75B9A /* main.m */ = {isa = PBXFileReference; fileEncoding = 4; lastKnownFileType = sourcecode.c.objc; name = main.m; path = rr/main.m; sourceTree = "<group>"; };
		150E6CAFA5EF11AE47ED825C /* Pods-rrTests.release.xcconfig */ = {isa = PBXFileReference; includeInIndex = 1; lastKnownFileType = text.xcconfig; name = "Pods-rrTests.release.xcconfig"; path = "Target Support Files/Pods-rrTests/Pods-rrTests.release.xcconfig"; sourceTree = "<group>"; };
		17C335AD80B74D21AB8049FB /* MontserratAlternates-Thin.otf */ = {isa = PBXFileReference; explicitFileType = undefined; fileEncoding = 9; includeInIndex = 0; lastKnownFileType = unknown; name = "MontserratAlternates-Thin.otf"; path = "../assets/fonts/MontserratAlternates-Thin.otf"; sourceTree = "<group>"; };
		293261D923E5480280037289 /* MontserratAlternates-SemiBold.otf */ = {isa = PBXFileReference; explicitFileType = undefined; fileEncoding = 9; includeInIndex = 0; lastKnownFileType = unknown; name = "MontserratAlternates-SemiBold.otf"; path = "../assets/fonts/MontserratAlternates-SemiBold.otf"; sourceTree = "<group>"; };
		2C85BA5662AB4A15905160B0 /* Montserrat-SemiBold.otf */ = {isa = PBXFileReference; explicitFileType = undefined; fileEncoding = 9; includeInIndex = 0; lastKnownFileType = unknown; name = "Montserrat-SemiBold.otf"; path = "../assets/fonts/Montserrat-SemiBold.otf"; sourceTree = "<group>"; };
		2D02E47B1E0B4A5D006451C7 /* rr-tvOS.app */ = {isa = PBXFileReference; explicitFileType = wrapper.application; includeInIndex = 0; path = "rr-tvOS.app"; sourceTree = BUILT_PRODUCTS_DIR; };
		2D02E4901E0B4A5D006451C7 /* rr-tvOSTests.xctest */ = {isa = PBXFileReference; explicitFileType = wrapper.cfbundle; includeInIndex = 0; path = "rr-tvOSTests.xctest"; sourceTree = BUILT_PRODUCTS_DIR; };
		3311A021947242AF8EE73AE9 /* Montserrat-Black.otf */ = {isa = PBXFileReference; explicitFileType = undefined; fileEncoding = 9; includeInIndex = 0; lastKnownFileType = unknown; name = "Montserrat-Black.otf"; path = "../assets/fonts/Montserrat-Black.otf"; sourceTree = "<group>"; };
		34E943675B55A190041D9BC6 /* libPods-rrTests.a */ = {isa = PBXFileReference; explicitFileType = archive.ar; includeInIndex = 0; path = "libPods-rrTests.a"; sourceTree = BUILT_PRODUCTS_DIR; };
		414275B65AC047D580606848 /* Montserrat-Medium.otf */ = {isa = PBXFileReference; explicitFileType = undefined; fileEncoding = 9; includeInIndex = 0; lastKnownFileType = unknown; name = "Montserrat-Medium.otf"; path = "../assets/fonts/Montserrat-Medium.otf"; sourceTree = "<group>"; };
		43307E7576B385875B79FCDF /* Pods-rrTests.debug.xcconfig */ = {isa = PBXFileReference; includeInIndex = 1; lastKnownFileType = text.xcconfig; name = "Pods-rrTests.debug.xcconfig"; path = "Target Support Files/Pods-rrTests/Pods-rrTests.debug.xcconfig"; sourceTree = "<group>"; };
		4F2AC5B543BA4C0B8DDF4BE6 /* Montserrat-Light.otf */ = {isa = PBXFileReference; explicitFileType = undefined; fileEncoding = 9; includeInIndex = 0; lastKnownFileType = unknown; name = "Montserrat-Light.otf"; path = "../assets/fonts/Montserrat-Light.otf"; sourceTree = "<group>"; };
		56258D3D5D7445779D309E75 /* Montserrat-Thin.otf */ = {isa = PBXFileReference; explicitFileType = undefined; fileEncoding = 9; includeInIndex = 0; lastKnownFileType = unknown; name = "Montserrat-Thin.otf"; path = "../assets/fonts/Montserrat-Thin.otf"; sourceTree = "<group>"; };
		5B4A2928126C446A98355372 /* MontserratAlternates-ExtraBoldItalic.otf */ = {isa = PBXFileReference; explicitFileType = undefined; fileEncoding = 9; includeInIndex = 0; lastKnownFileType = unknown; name = "MontserratAlternates-ExtraBoldItalic.otf"; path = "../assets/fonts/MontserratAlternates-ExtraBoldItalic.otf"; sourceTree = "<group>"; };
		5BE138D0114C4A9C88DB1EE2 /* MontserratAlternates-Medium.otf */ = {isa = PBXFileReference; explicitFileType = undefined; fileEncoding = 9; includeInIndex = 0; lastKnownFileType = unknown; name = "MontserratAlternates-Medium.otf"; path = "../assets/fonts/MontserratAlternates-Medium.otf"; sourceTree = "<group>"; };
		64C44FBC208A40BB9888936E /* Montserrat-MediumItalic.otf */ = {isa = PBXFileReference; explicitFileType = undefined; fileEncoding = 9; includeInIndex = 0; lastKnownFileType = unknown; name = "Montserrat-MediumItalic.otf"; path = "../assets/fonts/Montserrat-MediumItalic.otf"; sourceTree = "<group>"; };
		664C331A95B54FA5B7AD4267 /* Pods-rr-tvOSTests.release.xcconfig */ = {isa = PBXFileReference; includeInIndex = 1; lastKnownFileType = text.xcconfig; name = "Pods-rr-tvOSTests.release.xcconfig"; path = "Target Support Files/Pods-rr-tvOSTests/Pods-rr-tvOSTests.release.xcconfig"; sourceTree = "<group>"; };
		6FCDD4E3168E47E3B76B3E39 /* Montserrat-Bold.otf */ = {isa = PBXFileReference; explicitFileType = undefined; fileEncoding = 9; includeInIndex = 0; lastKnownFileType = unknown; name = "Montserrat-Bold.otf"; path = "../assets/fonts/Montserrat-Bold.otf"; sourceTree = "<group>"; };
		747A4CE707FB4CEE850B59CC /* MontserratAlternates-Italic.otf */ = {isa = PBXFileReference; explicitFileType = undefined; fileEncoding = 9; includeInIndex = 0; lastKnownFileType = unknown; name = "MontserratAlternates-Italic.otf"; path = "../assets/fonts/MontserratAlternates-Italic.otf"; sourceTree = "<group>"; };
		76DC6D0F2A87444A8ED7FE41 /* Montserrat-ExtraBold.otf */ = {isa = PBXFileReference; explicitFileType = undefined; fileEncoding = 9; includeInIndex = 0; lastKnownFileType = unknown; name = "Montserrat-ExtraBold.otf"; path = "../assets/fonts/Montserrat-ExtraBold.otf"; sourceTree = "<group>"; };
		7739B24F3CCE41999E3A7EA0 /* MontserratAlternates-ThinItalic.otf */ = {isa = PBXFileReference; explicitFileType = undefined; fileEncoding = 9; includeInIndex = 0; lastKnownFileType = unknown; name = "MontserratAlternates-ThinItalic.otf"; path = "../assets/fonts/MontserratAlternates-ThinItalic.otf"; sourceTree = "<group>"; };
		821EC82BD30472D6D387B788 /* libPods-rr-tvOSTests.a */ = {isa = PBXFileReference; explicitFileType = archive.ar; includeInIndex = 0; path = "libPods-rr-tvOSTests.a"; sourceTree = BUILT_PRODUCTS_DIR; };
		8486CCD792395AAD80956F45 /* libPods-rr.a */ = {isa = PBXFileReference; explicitFileType = archive.ar; includeInIndex = 0; path = "libPods-rr.a"; sourceTree = BUILT_PRODUCTS_DIR; };
		870759A8D64B49B8B5B64206 /* MontserratAlternates-MediumItalic.otf */ = {isa = PBXFileReference; explicitFileType = undefined; fileEncoding = 9; includeInIndex = 0; lastKnownFileType = unknown; name = "MontserratAlternates-MediumItalic.otf"; path = "../assets/fonts/MontserratAlternates-MediumItalic.otf"; sourceTree = "<group>"; };
		8AD92DEE6D52471894E00906 /* Montserrat-BlackItalic.otf */ = {isa = PBXFileReference; explicitFileType = undefined; fileEncoding = 9; includeInIndex = 0; lastKnownFileType = unknown; name = "Montserrat-BlackItalic.otf"; path = "../assets/fonts/Montserrat-BlackItalic.otf"; sourceTree = "<group>"; };
		8B28441381654677BBC133DC /* MontserratAlternates-Black.otf */ = {isa = PBXFileReference; explicitFileType = undefined; fileEncoding = 9; includeInIndex = 0; lastKnownFileType = unknown; name = "MontserratAlternates-Black.otf"; path = "../assets/fonts/MontserratAlternates-Black.otf"; sourceTree = "<group>"; };
		914896C0CEFDAA592DADF952 /* Pods-rr.release.xcconfig */ = {isa = PBXFileReference; includeInIndex = 1; lastKnownFileType = text.xcconfig; name = "Pods-rr.release.xcconfig"; path = "Target Support Files/Pods-rr/Pods-rr.release.xcconfig"; sourceTree = "<group>"; };
		91BFC87B898643BBA1C7DE89 /* Montserrat-BoldItalic.otf */ = {isa = PBXFileReference; explicitFileType = undefined; fileEncoding = 9; includeInIndex = 0; lastKnownFileType = unknown; name = "Montserrat-BoldItalic.otf"; path = "../assets/fonts/Montserrat-BoldItalic.otf"; sourceTree = "<group>"; };
		99884B2CFA0941FE9CD44137 /* Montserrat-SemiBoldItalic.otf */ = {isa = PBXFileReference; explicitFileType = undefined; fileEncoding = 9; includeInIndex = 0; lastKnownFileType = unknown; name = "Montserrat-SemiBoldItalic.otf"; path = "../assets/fonts/Montserrat-SemiBoldItalic.otf"; sourceTree = "<group>"; };
		9CAACEB8114A4FEFB6AECA3D /* MontserratAlternates-ExtraLight.otf */ = {isa = PBXFileReference; explicitFileType = undefined; fileEncoding = 9; includeInIndex = 0; lastKnownFileType = unknown; name = "MontserratAlternates-ExtraLight.otf"; path = "../assets/fonts/MontserratAlternates-ExtraLight.otf"; sourceTree = "<group>"; };
		9D8370FC4C13D1AE1CC8852B /* libPods-rr-tvOS.a */ = {isa = PBXFileReference; explicitFileType = archive.ar; includeInIndex = 0; path = "libPods-rr-tvOS.a"; sourceTree = BUILT_PRODUCTS_DIR; };
		A070F511F3664EFA82212C8C /* Montserrat-Regular.otf */ = {isa = PBXFileReference; explicitFileType = undefined; fileEncoding = 9; includeInIndex = 0; lastKnownFileType = unknown; name = "Montserrat-Regular.otf"; path = "../assets/fonts/Montserrat-Regular.otf"; sourceTree = "<group>"; };
		A55EA9ABC3AF4A9CAEC7FBFC /* MontserratAlternates-BlackItalic.otf */ = {isa = PBXFileReference; explicitFileType = undefined; fileEncoding = 9; includeInIndex = 0; lastKnownFileType = unknown; name = "MontserratAlternates-BlackItalic.otf"; path = "../assets/fonts/MontserratAlternates-BlackItalic.otf"; sourceTree = "<group>"; };
		A74FCF62A73172586BCD1E8C /* Pods-rr-tvOS.release.xcconfig */ = {isa = PBXFileReference; includeInIndex = 1; lastKnownFileType = text.xcconfig; name = "Pods-rr-tvOS.release.xcconfig"; path = "Target Support Files/Pods-rr-tvOS/Pods-rr-tvOS.release.xcconfig"; sourceTree = "<group>"; };
		AAB45401BE0E42A48DF7CD08 /* Montserrat-ExtraBoldItalic.otf */ = {isa = PBXFileReference; explicitFileType = undefined; fileEncoding = 9; includeInIndex = 0; lastKnownFileType = unknown; name = "Montserrat-ExtraBoldItalic.otf"; path = "../assets/fonts/Montserrat-ExtraBoldItalic.otf"; sourceTree = "<group>"; };
		B18C794F7F334660B49F27E3 /* MontserratAlternates-Regular.otf */ = {isa = PBXFileReference; explicitFileType = undefined; fileEncoding = 9; includeInIndex = 0; lastKnownFileType = unknown; name = "MontserratAlternates-Regular.otf"; path = "../assets/fonts/MontserratAlternates-Regular.otf"; sourceTree = "<group>"; };
		B8CA07EEF9524369997EBF98 /* MontserratAlternates-SemiBoldItalic.otf */ = {isa = PBXFileReference; explicitFileType = undefined; fileEncoding = 9; includeInIndex = 0; lastKnownFileType = unknown; name = "MontserratAlternates-SemiBoldItalic.otf"; path = "../assets/fonts/MontserratAlternates-SemiBoldItalic.otf"; sourceTree = "<group>"; };
		B932E4CF7C7ADA47E0C72933 /* Pods-rr-tvOSTests.debug.xcconfig */ = {isa = PBXFileReference; includeInIndex = 1; lastKnownFileType = text.xcconfig; name = "Pods-rr-tvOSTests.debug.xcconfig"; path = "Target Support Files/Pods-rr-tvOSTests/Pods-rr-tvOSTests.debug.xcconfig"; sourceTree = "<group>"; };
		B9AA49661B20484191527F51 /* MontserratAlternates-LightItalic.otf */ = {isa = PBXFileReference; explicitFileType = undefined; fileEncoding = 9; includeInIndex = 0; lastKnownFileType = unknown; name = "MontserratAlternates-LightItalic.otf"; path = "../assets/fonts/MontserratAlternates-LightItalic.otf"; sourceTree = "<group>"; };
		BB1DF6C3AB03F9FA00E48CAE /* Pods-rr-tvOS.debug.xcconfig */ = {isa = PBXFileReference; includeInIndex = 1; lastKnownFileType = text.xcconfig; name = "Pods-rr-tvOS.debug.xcconfig"; path = "Target Support Files/Pods-rr-tvOS/Pods-rr-tvOS.debug.xcconfig"; sourceTree = "<group>"; };
		C9BFAE3BE0274B97A3591860 /* MontserratAlternates-ExtraBold.otf */ = {isa = PBXFileReference; explicitFileType = undefined; fileEncoding = 9; includeInIndex = 0; lastKnownFileType = unknown; name = "MontserratAlternates-ExtraBold.otf"; path = "../assets/fonts/MontserratAlternates-ExtraBold.otf"; sourceTree = "<group>"; };
		D307FDCECC294023A467DB3D /* MontserratAlternates-Light.otf */ = {isa = PBXFileReference; explicitFileType = undefined; fileEncoding = 9; includeInIndex = 0; lastKnownFileType = unknown; name = "MontserratAlternates-Light.otf"; path = "../assets/fonts/MontserratAlternates-Light.otf"; sourceTree = "<group>"; };
		D4F7981635134E0B89864E80 /* Montserrat-ExtraLightItalic.otf */ = {isa = PBXFileReference; explicitFileType = undefined; fileEncoding = 9; includeInIndex = 0; lastKnownFileType = unknown; name = "Montserrat-ExtraLightItalic.otf"; path = "../assets/fonts/Montserrat-ExtraLightItalic.otf"; sourceTree = "<group>"; };
		ED297162215061F000B7C4FE /* JavaScriptCore.framework */ = {isa = PBXFileReference; lastKnownFileType = wrapper.framework; name = JavaScriptCore.framework; path = System/Library/Frameworks/JavaScriptCore.framework; sourceTree = SDKROOT; };
		ED2971642150620600B7C4FE /* JavaScriptCore.framework */ = {isa = PBXFileReference; lastKnownFileType = wrapper.framework; name = JavaScriptCore.framework; path = Platforms/AppleTVOS.platform/Developer/SDKs/AppleTVOS12.0.sdk/System/Library/Frameworks/JavaScriptCore.framework; sourceTree = DEVELOPER_DIR; };
		F17AD1CE9E91419B9439FB1D /* Montserrat-Italic.otf */ = {isa = PBXFileReference; explicitFileType = undefined; fileEncoding = 9; includeInIndex = 0; lastKnownFileType = unknown; name = "Montserrat-Italic.otf"; path = "../assets/fonts/Montserrat-Italic.otf"; sourceTree = "<group>"; };
		F3BFF0FEAABF47108D87D8E5 /* MontserratAlternates-BoldItalic.otf */ = {isa = PBXFileReference; explicitFileType = undefined; fileEncoding = 9; includeInIndex = 0; lastKnownFileType = unknown; name = "MontserratAlternates-BoldItalic.otf"; path = "../assets/fonts/MontserratAlternates-BoldItalic.otf"; sourceTree = "<group>"; };
		FFF78D79653DD86D05E4A780 /* Pods-rr.debug.xcconfig */ = {isa = PBXFileReference; includeInIndex = 1; lastKnownFileType = text.xcconfig; name = "Pods-rr.debug.xcconfig"; path = "Target Support Files/Pods-rr/Pods-rr.debug.xcconfig"; sourceTree = "<group>"; };
/* End PBXFileReference section */

/* Begin PBXFrameworksBuildPhase section */
		00E356EB1AD99517003FC87E /* Frameworks */ = {
			isa = PBXFrameworksBuildPhase;
			buildActionMask = 2147483647;
			files = (
				428E7C00A1DF1C1A2C1140EE /* libPods-rrTests.a in Frameworks */,
			);
			runOnlyForDeploymentPostprocessing = 0;
		};
		13B07F8C1A680F5B00A75B9A /* Frameworks */ = {
			isa = PBXFrameworksBuildPhase;
			buildActionMask = 2147483647;
			files = (
				A50903E452D634CE572F43CD /* libPods-rr.a in Frameworks */,
			);
			runOnlyForDeploymentPostprocessing = 0;
		};
		2D02E4781E0B4A5D006451C7 /* Frameworks */ = {
			isa = PBXFrameworksBuildPhase;
			buildActionMask = 2147483647;
			files = (
				EFB606294F69E6FA304BD500 /* libPods-rr-tvOS.a in Frameworks */,
			);
			runOnlyForDeploymentPostprocessing = 0;
		};
		2D02E48D1E0B4A5D006451C7 /* Frameworks */ = {
			isa = PBXFrameworksBuildPhase;
			buildActionMask = 2147483647;
			files = (
				5D9570ED1A0B682B5FF5E421 /* libPods-rr-tvOSTests.a in Frameworks */,
			);
			runOnlyForDeploymentPostprocessing = 0;
		};
/* End PBXFrameworksBuildPhase section */

/* Begin PBXGroup section */
		00E356EF1AD99517003FC87E /* rrTests */ = {
			isa = PBXGroup;
			children = (
				00E356F21AD99517003FC87E /* rrTests.m */,
				00E356F01AD99517003FC87E /* Supporting Files */,
			);
			path = rrTests;
			sourceTree = "<group>";
		};
		00E356F01AD99517003FC87E /* Supporting Files */ = {
			isa = PBXGroup;
			children = (
				00E356F11AD99517003FC87E /* Info.plist */,
			);
			name = "Supporting Files";
			sourceTree = "<group>";
		};
		13B07FAE1A68108700A75B9A /* rr */ = {
			isa = PBXGroup;
			children = (
				13B07FAF1A68108700A75B9A /* AppDelegate.h */,
				13B07FB01A68108700A75B9A /* AppDelegate.m */,
				13B07FB51A68108700A75B9A /* Images.xcassets */,
				13B07FB61A68108700A75B9A /* Info.plist */,
				13B07FB11A68108700A75B9A /* LaunchScreen.xib */,
				13B07FB71A68108700A75B9A /* main.m */,
				032D3F7D245501F800877A81 /* Dummy.swift */,
				032D3F7C245501F800877A81 /* rr-Bridging-Header.h */,
			);
			name = rr;
			sourceTree = "<group>";
		};
		258E34A3BDFFFBF80D598187 /* Pods */ = {
			isa = PBXGroup;
			children = (
				FFF78D79653DD86D05E4A780 /* Pods-rr.debug.xcconfig */,
				914896C0CEFDAA592DADF952 /* Pods-rr.release.xcconfig */,
				BB1DF6C3AB03F9FA00E48CAE /* Pods-rr-tvOS.debug.xcconfig */,
				A74FCF62A73172586BCD1E8C /* Pods-rr-tvOS.release.xcconfig */,
				B932E4CF7C7ADA47E0C72933 /* Pods-rr-tvOSTests.debug.xcconfig */,
				664C331A95B54FA5B7AD4267 /* Pods-rr-tvOSTests.release.xcconfig */,
				43307E7576B385875B79FCDF /* Pods-rrTests.debug.xcconfig */,
				150E6CAFA5EF11AE47ED825C /* Pods-rrTests.release.xcconfig */,
			);
			path = Pods;
			sourceTree = "<group>";
		};
		2D16E6871FA4F8E400B85C8A /* Frameworks */ = {
			isa = PBXGroup;
			children = (
				ED297162215061F000B7C4FE /* JavaScriptCore.framework */,
				ED2971642150620600B7C4FE /* JavaScriptCore.framework */,
				8486CCD792395AAD80956F45 /* libPods-rr.a */,
				9D8370FC4C13D1AE1CC8852B /* libPods-rr-tvOS.a */,
				821EC82BD30472D6D387B788 /* libPods-rr-tvOSTests.a */,
				34E943675B55A190041D9BC6 /* libPods-rrTests.a */,
			);
			name = Frameworks;
			sourceTree = "<group>";
		};
		832341AE1AAA6A7D00B99B32 /* Libraries */ = {
			isa = PBXGroup;
			children = (
			);
			name = Libraries;
			sourceTree = "<group>";
		};
		83CBB9F61A601CBA00E9B192 = {
			isa = PBXGroup;
			children = (
				13B07FAE1A68108700A75B9A /* rr */,
				832341AE1AAA6A7D00B99B32 /* Libraries */,
				00E356EF1AD99517003FC87E /* rrTests */,
				83CBBA001A601CBA00E9B192 /* Products */,
				2D16E6871FA4F8E400B85C8A /* Frameworks */,
				258E34A3BDFFFBF80D598187 /* Pods */,
				C50556E2998C4707B4750329 /* Resources */,
			);
			indentWidth = 2;
			sourceTree = "<group>";
			tabWidth = 2;
			usesTabs = 0;
		};
		83CBBA001A601CBA00E9B192 /* Products */ = {
			isa = PBXGroup;
			children = (
				13B07F961A680F5B00A75B9A /* rr.app */,
				00E356EE1AD99517003FC87E /* rrTests.xctest */,
				2D02E47B1E0B4A5D006451C7 /* rr-tvOS.app */,
				2D02E4901E0B4A5D006451C7 /* rr-tvOSTests.xctest */,
			);
			name = Products;
			sourceTree = "<group>";
		};
		C50556E2998C4707B4750329 /* Resources */ = {
			isa = PBXGroup;
			children = (
				3311A021947242AF8EE73AE9 /* Montserrat-Black.otf */,
				8AD92DEE6D52471894E00906 /* Montserrat-BlackItalic.otf */,
				6FCDD4E3168E47E3B76B3E39 /* Montserrat-Bold.otf */,
				91BFC87B898643BBA1C7DE89 /* Montserrat-BoldItalic.otf */,
				76DC6D0F2A87444A8ED7FE41 /* Montserrat-ExtraBold.otf */,
				AAB45401BE0E42A48DF7CD08 /* Montserrat-ExtraBoldItalic.otf */,
				110EA55B0D4E43D1BEB5B501 /* Montserrat-ExtraLight.otf */,
				D4F7981635134E0B89864E80 /* Montserrat-ExtraLightItalic.otf */,
				F17AD1CE9E91419B9439FB1D /* Montserrat-Italic.otf */,
				4F2AC5B543BA4C0B8DDF4BE6 /* Montserrat-Light.otf */,
				0A74BE599A1E49649E750375 /* Montserrat-LightItalic.otf */,
				414275B65AC047D580606848 /* Montserrat-Medium.otf */,
				64C44FBC208A40BB9888936E /* Montserrat-MediumItalic.otf */,
				A070F511F3664EFA82212C8C /* Montserrat-Regular.otf */,
				2C85BA5662AB4A15905160B0 /* Montserrat-SemiBold.otf */,
				99884B2CFA0941FE9CD44137 /* Montserrat-SemiBoldItalic.otf */,
				56258D3D5D7445779D309E75 /* Montserrat-Thin.otf */,
				02CC15BFAE6F489A8FBD1D20 /* Montserrat-ThinItalic.otf */,
				8B28441381654677BBC133DC /* MontserratAlternates-Black.otf */,
				A55EA9ABC3AF4A9CAEC7FBFC /* MontserratAlternates-BlackItalic.otf */,
				03BE2525F7874E2CA70821FA /* MontserratAlternates-Bold.otf */,
				F3BFF0FEAABF47108D87D8E5 /* MontserratAlternates-BoldItalic.otf */,
				C9BFAE3BE0274B97A3591860 /* MontserratAlternates-ExtraBold.otf */,
				5B4A2928126C446A98355372 /* MontserratAlternates-ExtraBoldItalic.otf */,
				9CAACEB8114A4FEFB6AECA3D /* MontserratAlternates-ExtraLight.otf */,
				06FCA376E0784CF8B246E35E /* MontserratAlternates-ExtraLightItalic.otf */,
				747A4CE707FB4CEE850B59CC /* MontserratAlternates-Italic.otf */,
				D307FDCECC294023A467DB3D /* MontserratAlternates-Light.otf */,
				B9AA49661B20484191527F51 /* MontserratAlternates-LightItalic.otf */,
				5BE138D0114C4A9C88DB1EE2 /* MontserratAlternates-Medium.otf */,
				870759A8D64B49B8B5B64206 /* MontserratAlternates-MediumItalic.otf */,
				B18C794F7F334660B49F27E3 /* MontserratAlternates-Regular.otf */,
				293261D923E5480280037289 /* MontserratAlternates-SemiBold.otf */,
				B8CA07EEF9524369997EBF98 /* MontserratAlternates-SemiBoldItalic.otf */,
				17C335AD80B74D21AB8049FB /* MontserratAlternates-Thin.otf */,
				7739B24F3CCE41999E3A7EA0 /* MontserratAlternates-ThinItalic.otf */,
			);
			name = Resources;
			sourceTree = "<group>";
		};
/* End PBXGroup section */

/* Begin PBXNativeTarget section */
		00E356ED1AD99517003FC87E /* rrTests */ = {
			isa = PBXNativeTarget;
			buildConfigurationList = 00E357021AD99517003FC87E /* Build configuration list for PBXNativeTarget "rrTests" */;
			buildPhases = (
				D5C5B21107E23492DA9BDC94 /* [CP] Check Pods Manifest.lock */,
				00E356EA1AD99517003FC87E /* Sources */,
				00E356EB1AD99517003FC87E /* Frameworks */,
				00E356EC1AD99517003FC87E /* Resources */,
			);
			buildRules = (
			);
			dependencies = (
				00E356F51AD99517003FC87E /* PBXTargetDependency */,
			);
			name = rrTests;
			productName = rrTests;
			productReference = 00E356EE1AD99517003FC87E /* rrTests.xctest */;
			productType = "com.apple.product-type.bundle.unit-test";
		};
		13B07F861A680F5B00A75B9A /* rr */ = {
			isa = PBXNativeTarget;
			buildConfigurationList = 13B07F931A680F5B00A75B9A /* Build configuration list for PBXNativeTarget "rr" */;
			buildPhases = (
				CB3FE51FCBA30C6B8D6A3806 /* [CP] Check Pods Manifest.lock */,
				FD10A7F022414F080027D42C /* Start Packager */,
				13B07F871A680F5B00A75B9A /* Sources */,
				13B07F8C1A680F5B00A75B9A /* Frameworks */,
				13B07F8E1A680F5B00A75B9A /* Resources */,
				00DD1BFF1BD5951E006B06BC /* Bundle React Native code and images */,
				86605F7C826D23AFB6F6A5C3 /* [CP] Copy Pods Resources */,
			);
			buildRules = (
			);
			dependencies = (
			);
			name = rr;
			productName = rr;
			productReference = 13B07F961A680F5B00A75B9A /* rr.app */;
			productType = "com.apple.product-type.application";
		};
		2D02E47A1E0B4A5D006451C7 /* rr-tvOS */ = {
			isa = PBXNativeTarget;
			buildConfigurationList = 2D02E4BA1E0B4A5E006451C7 /* Build configuration list for PBXNativeTarget "rr-tvOS" */;
			buildPhases = (
				777B3928177A0EE7EA1ABCF9 /* [CP] Check Pods Manifest.lock */,
				FD10A7F122414F3F0027D42C /* Start Packager */,
				2D02E4771E0B4A5D006451C7 /* Sources */,
				2D02E4781E0B4A5D006451C7 /* Frameworks */,
				2D02E4791E0B4A5D006451C7 /* Resources */,
				2D02E4CB1E0B4B27006451C7 /* Bundle React Native Code And Images */,
			);
			buildRules = (
			);
			dependencies = (
			);
			name = "rr-tvOS";
			productName = "rr-tvOS";
			productReference = 2D02E47B1E0B4A5D006451C7 /* rr-tvOS.app */;
			productType = "com.apple.product-type.application";
		};
		2D02E48F1E0B4A5D006451C7 /* rr-tvOSTests */ = {
			isa = PBXNativeTarget;
			buildConfigurationList = 2D02E4BB1E0B4A5E006451C7 /* Build configuration list for PBXNativeTarget "rr-tvOSTests" */;
			buildPhases = (
				57F4EECD4004FE3420E6DF92 /* [CP] Check Pods Manifest.lock */,
				2D02E48C1E0B4A5D006451C7 /* Sources */,
				2D02E48D1E0B4A5D006451C7 /* Frameworks */,
				2D02E48E1E0B4A5D006451C7 /* Resources */,
			);
			buildRules = (
			);
			dependencies = (
				2D02E4921E0B4A5D006451C7 /* PBXTargetDependency */,
			);
			name = "rr-tvOSTests";
			productName = "rr-tvOSTests";
			productReference = 2D02E4901E0B4A5D006451C7 /* rr-tvOSTests.xctest */;
			productType = "com.apple.product-type.bundle.unit-test";
		};
/* End PBXNativeTarget section */

/* Begin PBXProject section */
		83CBB9F71A601CBA00E9B192 /* Project object */ = {
			isa = PBXProject;
			attributes = {
				LastUpgradeCheck = 940;
				ORGANIZATIONNAME = Facebook;
				TargetAttributes = {
					00E356ED1AD99517003FC87E = {
						CreatedOnToolsVersion = 6.2;
						TestTargetID = 13B07F861A680F5B00A75B9A;
					};
					13B07F861A680F5B00A75B9A = {
						DevelopmentTeam = 4993BDFP5Q;
						LastSwiftMigration = 1130;
					};
					2D02E47A1E0B4A5D006451C7 = {
						CreatedOnToolsVersion = 8.2.1;
						ProvisioningStyle = Automatic;
					};
					2D02E48F1E0B4A5D006451C7 = {
						CreatedOnToolsVersion = 8.2.1;
						ProvisioningStyle = Automatic;
						TestTargetID = 2D02E47A1E0B4A5D006451C7;
					};
				};
			};
			buildConfigurationList = 83CBB9FA1A601CBA00E9B192 /* Build configuration list for PBXProject "rr" */;
			compatibilityVersion = "Xcode 3.2";
			developmentRegion = English;
			hasScannedForEncodings = 0;
			knownRegions = (
				English,
				en,
				Base,
			);
			mainGroup = 83CBB9F61A601CBA00E9B192;
			productRefGroup = 83CBBA001A601CBA00E9B192 /* Products */;
			projectDirPath = "";
			projectRoot = "";
			targets = (
				13B07F861A680F5B00A75B9A /* rr */,
				00E356ED1AD99517003FC87E /* rrTests */,
				2D02E47A1E0B4A5D006451C7 /* rr-tvOS */,
				2D02E48F1E0B4A5D006451C7 /* rr-tvOSTests */,
			);
		};
/* End PBXProject section */

/* Begin PBXResourcesBuildPhase section */
		00E356EC1AD99517003FC87E /* Resources */ = {
			isa = PBXResourcesBuildPhase;
			buildActionMask = 2147483647;
			files = (
			);
			runOnlyForDeploymentPostprocessing = 0;
		};
		13B07F8E1A680F5B00A75B9A /* Resources */ = {
			isa = PBXResourcesBuildPhase;
			buildActionMask = 2147483647;
			files = (
				13B07FBF1A68108700A75B9A /* Images.xcassets in Resources */,
				13B07FBD1A68108700A75B9A /* LaunchScreen.xib in Resources */,
				462AB8B81AB64057B4FF8AFD /* Montserrat-Black.otf in Resources */,
				4B722A83AC69422D93DB6A3D /* Montserrat-BlackItalic.otf in Resources */,
				D51D6380C6684D978DEC119C /* Montserrat-Bold.otf in Resources */,
				8678F0B5AFFB4A9EB3119520 /* Montserrat-BoldItalic.otf in Resources */,
				5AB87D42BECE4002B99B9900 /* Montserrat-ExtraBold.otf in Resources */,
				2C14D6B7533A46DAB118B9F1 /* Montserrat-ExtraBoldItalic.otf in Resources */,
				170DDE72FD244D3C8BE32313 /* Montserrat-ExtraLight.otf in Resources */,
				93359C4FAA7D474E8A25D774 /* Montserrat-ExtraLightItalic.otf in Resources */,
				B094A83630854230A6A16985 /* Montserrat-Italic.otf in Resources */,
				8740865E698A4EDB976CAC0E /* Montserrat-Light.otf in Resources */,
				CEF4CE64EB804BE385D37B0F /* Montserrat-LightItalic.otf in Resources */,
				9A0A30B264B942AA9F27ACB0 /* Montserrat-Medium.otf in Resources */,
				B574A1137A614482AE68BF0B /* Montserrat-MediumItalic.otf in Resources */,
				6CEFBADE53A7431DB7F86846 /* Montserrat-Regular.otf in Resources */,
				17FA715EFA2B4D90BB0A761C /* Montserrat-SemiBold.otf in Resources */,
				E73B96EF64B84E2183AFCFF6 /* Montserrat-SemiBoldItalic.otf in Resources */,
				B5732287AFB340F19051082E /* Montserrat-Thin.otf in Resources */,
				365ADACAC6984911A9FE2CAB /* Montserrat-ThinItalic.otf in Resources */,
				65A87D6972C544D1B977D96E /* MontserratAlternates-Black.otf in Resources */,
				94464E84D00F41D0B83F375A /* MontserratAlternates-BlackItalic.otf in Resources */,
				29E694871D1E4BA980A38A46 /* MontserratAlternates-Bold.otf in Resources */,
				1C0CFCF736E44B12BF9033F6 /* MontserratAlternates-BoldItalic.otf in Resources */,
				7A392E9BB19F4D9CBCC77447 /* MontserratAlternates-ExtraBold.otf in Resources */,
				D460134B50BE45E29DAD7A08 /* MontserratAlternates-ExtraBoldItalic.otf in Resources */,
				3111C7DCB12147648A0A1F4E /* MontserratAlternates-ExtraLight.otf in Resources */,
				C552DD59BF974CAC82F48B1D /* MontserratAlternates-ExtraLightItalic.otf in Resources */,
				48C96B6182E94458ACF92A15 /* MontserratAlternates-Italic.otf in Resources */,
				084FBEBC2BB44BE4A89F2C1E /* MontserratAlternates-Light.otf in Resources */,
				1081E9CF123A4E2392C33805 /* MontserratAlternates-LightItalic.otf in Resources */,
				59358B4122A445A4ACB06F96 /* MontserratAlternates-Medium.otf in Resources */,
				13591EF0B7A7491486653C0B /* MontserratAlternates-MediumItalic.otf in Resources */,
				DE54148FBAE244BCADEB531E /* MontserratAlternates-Regular.otf in Resources */,
				50F71154CEE841FCB08CB677 /* MontserratAlternates-SemiBold.otf in Resources */,
				065E1A9CC183419D987D8650 /* MontserratAlternates-SemiBoldItalic.otf in Resources */,
				546493A7F91943AF88AE2403 /* MontserratAlternates-Thin.otf in Resources */,
				17C2FF4388D64D6088434AE7 /* MontserratAlternates-ThinItalic.otf in Resources */,
			);
			runOnlyForDeploymentPostprocessing = 0;
		};
		2D02E4791E0B4A5D006451C7 /* Resources */ = {
			isa = PBXResourcesBuildPhase;
			buildActionMask = 2147483647;
			files = (
				2D02E4BD1E0B4A84006451C7 /* Images.xcassets in Resources */,
			);
			runOnlyForDeploymentPostprocessing = 0;
		};
		2D02E48E1E0B4A5D006451C7 /* Resources */ = {
			isa = PBXResourcesBuildPhase;
			buildActionMask = 2147483647;
			files = (
			);
			runOnlyForDeploymentPostprocessing = 0;
		};
/* End PBXResourcesBuildPhase section */

/* Begin PBXShellScriptBuildPhase section */
		00DD1BFF1BD5951E006B06BC /* Bundle React Native code and images */ = {
			isa = PBXShellScriptBuildPhase;
			buildActionMask = 2147483647;
			files = (
			);
			inputPaths = (
			);
			name = "Bundle React Native code and images";
			outputPaths = (
			);
			runOnlyForDeploymentPostprocessing = 0;
			shellPath = /bin/sh;
			shellScript = "export NODE_BINARY=node\n../node_modules/react-native/scripts/react-native-xcode.sh";
		};
		2D02E4CB1E0B4B27006451C7 /* Bundle React Native Code And Images */ = {
			isa = PBXShellScriptBuildPhase;
			buildActionMask = 2147483647;
			files = (
			);
			inputPaths = (
			);
			name = "Bundle React Native Code And Images";
			outputPaths = (
			);
			runOnlyForDeploymentPostprocessing = 0;
			shellPath = /bin/sh;
			shellScript = "export NODE_BINARY=node\n../node_modules/react-native/scripts/react-native-xcode.sh";
		};
		57F4EECD4004FE3420E6DF92 /* [CP] Check Pods Manifest.lock */ = {
			isa = PBXShellScriptBuildPhase;
			buildActionMask = 2147483647;
			files = (
			);
			inputFileListPaths = (
			);
			inputPaths = (
				"${PODS_PODFILE_DIR_PATH}/Podfile.lock",
				"${PODS_ROOT}/Manifest.lock",
			);
			name = "[CP] Check Pods Manifest.lock";
			outputFileListPaths = (
			);
			outputPaths = (
				"$(DERIVED_FILE_DIR)/Pods-rr-tvOSTests-checkManifestLockResult.txt",
			);
			runOnlyForDeploymentPostprocessing = 0;
			shellPath = /bin/sh;
			shellScript = "diff \"${PODS_PODFILE_DIR_PATH}/Podfile.lock\" \"${PODS_ROOT}/Manifest.lock\" > /dev/null\nif [ $? != 0 ] ; then\n    # print error to STDERR\n    echo \"error: The sandbox is not in sync with the Podfile.lock. Run 'pod install' or update your CocoaPods installation.\" >&2\n    exit 1\nfi\n# This output is used by Xcode 'outputs' to avoid re-running this script phase.\necho \"SUCCESS\" > \"${SCRIPT_OUTPUT_FILE_0}\"\n";
			showEnvVarsInLog = 0;
		};
		777B3928177A0EE7EA1ABCF9 /* [CP] Check Pods Manifest.lock */ = {
			isa = PBXShellScriptBuildPhase;
			buildActionMask = 2147483647;
			files = (
			);
			inputFileListPaths = (
			);
			inputPaths = (
				"${PODS_PODFILE_DIR_PATH}/Podfile.lock",
				"${PODS_ROOT}/Manifest.lock",
			);
			name = "[CP] Check Pods Manifest.lock";
			outputFileListPaths = (
			);
			outputPaths = (
				"$(DERIVED_FILE_DIR)/Pods-rr-tvOS-checkManifestLockResult.txt",
			);
			runOnlyForDeploymentPostprocessing = 0;
			shellPath = /bin/sh;
			shellScript = "diff \"${PODS_PODFILE_DIR_PATH}/Podfile.lock\" \"${PODS_ROOT}/Manifest.lock\" > /dev/null\nif [ $? != 0 ] ; then\n    # print error to STDERR\n    echo \"error: The sandbox is not in sync with the Podfile.lock. Run 'pod install' or update your CocoaPods installation.\" >&2\n    exit 1\nfi\n# This output is used by Xcode 'outputs' to avoid re-running this script phase.\necho \"SUCCESS\" > \"${SCRIPT_OUTPUT_FILE_0}\"\n";
			showEnvVarsInLog = 0;
		};
		86605F7C826D23AFB6F6A5C3 /* [CP] Copy Pods Resources */ = {
			isa = PBXShellScriptBuildPhase;
			buildActionMask = 2147483647;
			files = (
			);
			inputPaths = (
				"${PODS_ROOT}/Target Support Files/Pods-rr/Pods-rr-resources.sh",
				"${PODS_ROOT}/GoogleMaps/Maps/Frameworks/GoogleMaps.framework/Resources/GoogleMaps.bundle",
			);
			name = "[CP] Copy Pods Resources";
			outputPaths = (
				"${TARGET_BUILD_DIR}/${UNLOCALIZED_RESOURCES_FOLDER_PATH}/GoogleMaps.bundle",
			);
			runOnlyForDeploymentPostprocessing = 0;
			shellPath = /bin/sh;
			shellScript = "\"${PODS_ROOT}/Target Support Files/Pods-rr/Pods-rr-resources.sh\"\n";
			showEnvVarsInLog = 0;
		};
		CB3FE51FCBA30C6B8D6A3806 /* [CP] Check Pods Manifest.lock */ = {
			isa = PBXShellScriptBuildPhase;
			buildActionMask = 2147483647;
			files = (
			);
			inputFileListPaths = (
			);
			inputPaths = (
				"${PODS_PODFILE_DIR_PATH}/Podfile.lock",
				"${PODS_ROOT}/Manifest.lock",
			);
			name = "[CP] Check Pods Manifest.lock";
			outputFileListPaths = (
			);
			outputPaths = (
				"$(DERIVED_FILE_DIR)/Pods-rr-checkManifestLockResult.txt",
			);
			runOnlyForDeploymentPostprocessing = 0;
			shellPath = /bin/sh;
			shellScript = "diff \"${PODS_PODFILE_DIR_PATH}/Podfile.lock\" \"${PODS_ROOT}/Manifest.lock\" > /dev/null\nif [ $? != 0 ] ; then\n    # print error to STDERR\n    echo \"error: The sandbox is not in sync with the Podfile.lock. Run 'pod install' or update your CocoaPods installation.\" >&2\n    exit 1\nfi\n# This output is used by Xcode 'outputs' to avoid re-running this script phase.\necho \"SUCCESS\" > \"${SCRIPT_OUTPUT_FILE_0}\"\n";
			showEnvVarsInLog = 0;
		};
		D5C5B21107E23492DA9BDC94 /* [CP] Check Pods Manifest.lock */ = {
			isa = PBXShellScriptBuildPhase;
			buildActionMask = 2147483647;
			files = (
			);
			inputFileListPaths = (
			);
			inputPaths = (
				"${PODS_PODFILE_DIR_PATH}/Podfile.lock",
				"${PODS_ROOT}/Manifest.lock",
			);
			name = "[CP] Check Pods Manifest.lock";
			outputFileListPaths = (
			);
			outputPaths = (
				"$(DERIVED_FILE_DIR)/Pods-rrTests-checkManifestLockResult.txt",
			);
			runOnlyForDeploymentPostprocessing = 0;
			shellPath = /bin/sh;
			shellScript = "diff \"${PODS_PODFILE_DIR_PATH}/Podfile.lock\" \"${PODS_ROOT}/Manifest.lock\" > /dev/null\nif [ $? != 0 ] ; then\n    # print error to STDERR\n    echo \"error: The sandbox is not in sync with the Podfile.lock. Run 'pod install' or update your CocoaPods installation.\" >&2\n    exit 1\nfi\n# This output is used by Xcode 'outputs' to avoid re-running this script phase.\necho \"SUCCESS\" > \"${SCRIPT_OUTPUT_FILE_0}\"\n";
			showEnvVarsInLog = 0;
		};
		FD10A7F022414F080027D42C /* Start Packager */ = {
			isa = PBXShellScriptBuildPhase;
			buildActionMask = 2147483647;
			files = (
			);
			inputFileListPaths = (
			);
			inputPaths = (
			);
			name = "Start Packager";
			outputFileListPaths = (
			);
			outputPaths = (
			);
			runOnlyForDeploymentPostprocessing = 0;
			shellPath = /bin/sh;
			shellScript = "export RCT_METRO_PORT=\"${RCT_METRO_PORT:=8081}\"\necho \"export RCT_METRO_PORT=${RCT_METRO_PORT}\" > \"${SRCROOT}/../node_modules/react-native/scripts/.packager.env\"\nif [ -z \"${RCT_NO_LAUNCH_PACKAGER+xxx}\" ] ; then\n  if nc -w 5 -z localhost ${RCT_METRO_PORT} ; then\n    if ! curl -s \"http://localhost:${RCT_METRO_PORT}/status\" | grep -q \"packager-status:running\" ; then\n      echo \"Port ${RCT_METRO_PORT} already in use, packager is either not running or not running correctly\"\n      exit 2\n    fi\n  else\n    open \"$SRCROOT/../node_modules/react-native/scripts/launchPackager.command\" || echo \"Can't start packager automatically\"\n  fi\nfi\n";
			showEnvVarsInLog = 0;
		};
		FD10A7F122414F3F0027D42C /* Start Packager */ = {
			isa = PBXShellScriptBuildPhase;
			buildActionMask = 2147483647;
			files = (
			);
			inputFileListPaths = (
			);
			inputPaths = (
			);
			name = "Start Packager";
			outputFileListPaths = (
			);
			outputPaths = (
			);
			runOnlyForDeploymentPostprocessing = 0;
			shellPath = /bin/sh;
			shellScript = "export RCT_METRO_PORT=\"${RCT_METRO_PORT:=8081}\"\necho \"export RCT_METRO_PORT=${RCT_METRO_PORT}\" > \"${SRCROOT}/../node_modules/react-native/scripts/.packager.env\"\nif [ -z \"${RCT_NO_LAUNCH_PACKAGER+xxx}\" ] ; then\n  if nc -w 5 -z localhost ${RCT_METRO_PORT} ; then\n    if ! curl -s \"http://localhost:${RCT_METRO_PORT}/status\" | grep -q \"packager-status:running\" ; then\n      echo \"Port ${RCT_METRO_PORT} already in use, packager is either not running or not running correctly\"\n      exit 2\n    fi\n  else\n    open \"$SRCROOT/../node_modules/react-native/scripts/launchPackager.command\" || echo \"Can't start packager automatically\"\n  fi\nfi\n";
			showEnvVarsInLog = 0;
		};
/* End PBXShellScriptBuildPhase section */

/* Begin PBXSourcesBuildPhase section */
		00E356EA1AD99517003FC87E /* Sources */ = {
			isa = PBXSourcesBuildPhase;
			buildActionMask = 2147483647;
			files = (
				00E356F31AD99517003FC87E /* rrTests.m in Sources */,
			);
			runOnlyForDeploymentPostprocessing = 0;
		};
		13B07F871A680F5B00A75B9A /* Sources */ = {
			isa = PBXSourcesBuildPhase;
			buildActionMask = 2147483647;
			files = (
				13B07FBC1A68108700A75B9A /* AppDelegate.m in Sources */,
				032D3F7E245501F800877A81 /* Dummy.swift in Sources */,
				13B07FC11A68108700A75B9A /* main.m in Sources */,
			);
			runOnlyForDeploymentPostprocessing = 0;
		};
		2D02E4771E0B4A5D006451C7 /* Sources */ = {
			isa = PBXSourcesBuildPhase;
			buildActionMask = 2147483647;
			files = (
				2D02E4BF1E0B4AB3006451C7 /* main.m in Sources */,
				2D02E4BC1E0B4A80006451C7 /* AppDelegate.m in Sources */,
			);
			runOnlyForDeploymentPostprocessing = 0;
		};
		2D02E48C1E0B4A5D006451C7 /* Sources */ = {
			isa = PBXSourcesBuildPhase;
			buildActionMask = 2147483647;
			files = (
				2DCD954D1E0B4F2C00145EB5 /* rrTests.m in Sources */,
			);
			runOnlyForDeploymentPostprocessing = 0;
		};
/* End PBXSourcesBuildPhase section */

/* Begin PBXTargetDependency section */
		00E356F51AD99517003FC87E /* PBXTargetDependency */ = {
			isa = PBXTargetDependency;
			target = 13B07F861A680F5B00A75B9A /* rr */;
			targetProxy = 00E356F41AD99517003FC87E /* PBXContainerItemProxy */;
		};
		2D02E4921E0B4A5D006451C7 /* PBXTargetDependency */ = {
			isa = PBXTargetDependency;
			target = 2D02E47A1E0B4A5D006451C7 /* rr-tvOS */;
			targetProxy = 2D02E4911E0B4A5D006451C7 /* PBXContainerItemProxy */;
		};
/* End PBXTargetDependency section */

/* Begin PBXVariantGroup section */
		13B07FB11A68108700A75B9A /* LaunchScreen.xib */ = {
			isa = PBXVariantGroup;
			children = (
				13B07FB21A68108700A75B9A /* Base */,
			);
			name = LaunchScreen.xib;
			path = rr;
			sourceTree = "<group>";
		};
/* End PBXVariantGroup section */

/* Begin XCBuildConfiguration section */
		00E356F61AD99517003FC87E /* Debug */ = {
			isa = XCBuildConfiguration;
			baseConfigurationReference = 43307E7576B385875B79FCDF /* Pods-rrTests.debug.xcconfig */;
			buildSettings = {
				ALWAYS_EMBED_SWIFT_STANDARD_LIBRARIES = YES;
				BUNDLE_LOADER = "$(TEST_HOST)";
				GCC_PREPROCESSOR_DEFINITIONS = (
					"DEBUG=1",
					"$(inherited)",
				);
				INFOPLIST_FILE = rrTests/Info.plist;
				IPHONEOS_DEPLOYMENT_TARGET = 9.0;
				LD_RUNPATH_SEARCH_PATHS = "$(inherited) @executable_path/Frameworks @loader_path/Frameworks";
				OTHER_LDFLAGS = (
					"-ObjC",
					"-lc++",
					"$(inherited)",
				);
				PRODUCT_BUNDLE_IDENTIFIER = "org.reactjs.native.example.$(PRODUCT_NAME:rfc1034identifier)";
				PRODUCT_NAME = "$(TARGET_NAME)";
				TEST_HOST = "$(BUILT_PRODUCTS_DIR)/rr.app/rr";
			};
			name = Debug;
		};
		00E356F71AD99517003FC87E /* Release */ = {
			isa = XCBuildConfiguration;
			baseConfigurationReference = 150E6CAFA5EF11AE47ED825C /* Pods-rrTests.release.xcconfig */;
			buildSettings = {
				ALWAYS_EMBED_SWIFT_STANDARD_LIBRARIES = YES;
				BUNDLE_LOADER = "$(TEST_HOST)";
				COPY_PHASE_STRIP = NO;
				INFOPLIST_FILE = rrTests/Info.plist;
				IPHONEOS_DEPLOYMENT_TARGET = 9.0;
				LD_RUNPATH_SEARCH_PATHS = "$(inherited) @executable_path/Frameworks @loader_path/Frameworks";
				OTHER_LDFLAGS = (
					"-ObjC",
					"-lc++",
					"$(inherited)",
				);
				PRODUCT_BUNDLE_IDENTIFIER = "org.reactjs.native.example.$(PRODUCT_NAME:rfc1034identifier)";
				PRODUCT_NAME = "$(TARGET_NAME)";
				TEST_HOST = "$(BUILT_PRODUCTS_DIR)/rr.app/rr";
			};
			name = Release;
		};
		13B07F941A680F5B00A75B9A /* Debug */ = {
			isa = XCBuildConfiguration;
			baseConfigurationReference = FFF78D79653DD86D05E4A780 /* Pods-rr.debug.xcconfig */;
			buildSettings = {
				ASSETCATALOG_COMPILER_APPICON_NAME = AppIcon;
				CLANG_ENABLE_MODULES = YES;
				CURRENT_PROJECT_VERSION = 16;
				DEAD_CODE_STRIPPING = NO;
				DEVELOPMENT_TEAM = 4993BDFP5Q;
				INFOPLIST_FILE = rr/Info.plist;
				LD_RUNPATH_SEARCH_PATHS = "$(inherited) @executable_path/Frameworks";
				MARKETING_VERSION = 1.6;
				OTHER_LDFLAGS = (
					"$(inherited)",
					"-ObjC",
					"-lc++",
				);
				PRODUCT_BUNDLE_IDENTIFIER = adv.marcosinacio.app;
				PRODUCT_NAME = rr;
				SWIFT_OBJC_BRIDGING_HEADER = "rr-Bridging-Header.h";
				SWIFT_OPTIMIZATION_LEVEL = "-Onone";
				SWIFT_VERSION = 5.0;
				VERSIONING_SYSTEM = "apple-generic";
			};
			name = Debug;
		};
		13B07F951A680F5B00A75B9A /* Release */ = {
			isa = XCBuildConfiguration;
			baseConfigurationReference = 914896C0CEFDAA592DADF952 /* Pods-rr.release.xcconfig */;
			buildSettings = {
				ASSETCATALOG_COMPILER_APPICON_NAME = AppIcon;
				CLANG_ENABLE_MODULES = YES;
				CURRENT_PROJECT_VERSION = 16;
				DEVELOPMENT_TEAM = 4993BDFP5Q;
				INFOPLIST_FILE = rr/Info.plist;
				LD_RUNPATH_SEARCH_PATHS = "$(inherited) @executable_path/Frameworks";
				MARKETING_VERSION = 1.6;
				OTHER_LDFLAGS = (
					"$(inherited)",
					"-ObjC",
					"-lc++",
				);
				PRODUCT_BUNDLE_IDENTIFIER = adv.marcosinacio.app;
				PRODUCT_NAME = rr;
				SWIFT_OBJC_BRIDGING_HEADER = "rr-Bridging-Header.h";
				SWIFT_VERSION = 5.0;
				VERSIONING_SYSTEM = "apple-generic";
			};
			name = Release;
		};
		2D02E4971E0B4A5E006451C7 /* Debug */ = {
			isa = XCBuildConfiguration;
			baseConfigurationReference = BB1DF6C3AB03F9FA00E48CAE /* Pods-rr-tvOS.debug.xcconfig */;
			buildSettings = {
				ASSETCATALOG_COMPILER_APPICON_NAME = "App Icon & Top Shelf Image";
				ASSETCATALOG_COMPILER_LAUNCHIMAGE_NAME = LaunchImage;
				CLANG_ANALYZER_NONNULL = YES;
				CLANG_WARN_DOCUMENTATION_COMMENTS = YES;
				CLANG_WARN_INFINITE_RECURSION = YES;
				CLANG_WARN_SUSPICIOUS_MOVE = YES;
				DEBUG_INFORMATION_FORMAT = dwarf;
				ENABLE_TESTABILITY = YES;
				GCC_NO_COMMON_BLOCKS = YES;
				INFOPLIST_FILE = "rr-tvOS/Info.plist";
				LD_RUNPATH_SEARCH_PATHS = "$(inherited) @executable_path/Frameworks";
				OTHER_LDFLAGS = (
					"$(inherited)",
					"-ObjC",
					"-lc++",
				);
				PRODUCT_BUNDLE_IDENTIFIER = "com.facebook.REACT.rr-tvOS";
				PRODUCT_NAME = "$(TARGET_NAME)";
				SDKROOT = appletvos;
				TARGETED_DEVICE_FAMILY = 3;
				TVOS_DEPLOYMENT_TARGET = 9.2;
			};
			name = Debug;
		};
		2D02E4981E0B4A5E006451C7 /* Release */ = {
			isa = XCBuildConfiguration;
			baseConfigurationReference = A74FCF62A73172586BCD1E8C /* Pods-rr-tvOS.release.xcconfig */;
			buildSettings = {
				ASSETCATALOG_COMPILER_APPICON_NAME = "App Icon & Top Shelf Image";
				ASSETCATALOG_COMPILER_LAUNCHIMAGE_NAME = LaunchImage;
				CLANG_ANALYZER_NONNULL = YES;
				CLANG_WARN_DOCUMENTATION_COMMENTS = YES;
				CLANG_WARN_INFINITE_RECURSION = YES;
				CLANG_WARN_SUSPICIOUS_MOVE = YES;
				COPY_PHASE_STRIP = NO;
				DEBUG_INFORMATION_FORMAT = "dwarf-with-dsym";
				GCC_NO_COMMON_BLOCKS = YES;
				INFOPLIST_FILE = "rr-tvOS/Info.plist";
				LD_RUNPATH_SEARCH_PATHS = "$(inherited) @executable_path/Frameworks";
				OTHER_LDFLAGS = (
					"$(inherited)",
					"-ObjC",
					"-lc++",
				);
				PRODUCT_BUNDLE_IDENTIFIER = "com.facebook.REACT.rr-tvOS";
				PRODUCT_NAME = "$(TARGET_NAME)";
				SDKROOT = appletvos;
				TARGETED_DEVICE_FAMILY = 3;
				TVOS_DEPLOYMENT_TARGET = 9.2;
			};
			name = Release;
		};
		2D02E4991E0B4A5E006451C7 /* Debug */ = {
			isa = XCBuildConfiguration;
			baseConfigurationReference = B932E4CF7C7ADA47E0C72933 /* Pods-rr-tvOSTests.debug.xcconfig */;
			buildSettings = {
				BUNDLE_LOADER = "$(TEST_HOST)";
				CLANG_ANALYZER_NONNULL = YES;
				CLANG_WARN_DOCUMENTATION_COMMENTS = YES;
				CLANG_WARN_INFINITE_RECURSION = YES;
				CLANG_WARN_SUSPICIOUS_MOVE = YES;
				DEBUG_INFORMATION_FORMAT = dwarf;
				ENABLE_TESTABILITY = YES;
				GCC_NO_COMMON_BLOCKS = YES;
				INFOPLIST_FILE = "rr-tvOSTests/Info.plist";
				LD_RUNPATH_SEARCH_PATHS = "$(inherited) @executable_path/Frameworks @loader_path/Frameworks";
				OTHER_LDFLAGS = (
					"$(inherited)",
					"-ObjC",
					"-lc++",
				);
				PRODUCT_BUNDLE_IDENTIFIER = "com.facebook.REACT.rr-tvOSTests";
				PRODUCT_NAME = "$(TARGET_NAME)";
				SDKROOT = appletvos;
				TEST_HOST = "$(BUILT_PRODUCTS_DIR)/rr-tvOS.app/rr-tvOS";
				TVOS_DEPLOYMENT_TARGET = 10.1;
			};
			name = Debug;
		};
		2D02E49A1E0B4A5E006451C7 /* Release */ = {
			isa = XCBuildConfiguration;
			baseConfigurationReference = 664C331A95B54FA5B7AD4267 /* Pods-rr-tvOSTests.release.xcconfig */;
			buildSettings = {
				BUNDLE_LOADER = "$(TEST_HOST)";
				CLANG_ANALYZER_NONNULL = YES;
				CLANG_WARN_DOCUMENTATION_COMMENTS = YES;
				CLANG_WARN_INFINITE_RECURSION = YES;
				CLANG_WARN_SUSPICIOUS_MOVE = YES;
				COPY_PHASE_STRIP = NO;
				DEBUG_INFORMATION_FORMAT = "dwarf-with-dsym";
				GCC_NO_COMMON_BLOCKS = YES;
				INFOPLIST_FILE = "rr-tvOSTests/Info.plist";
				LD_RUNPATH_SEARCH_PATHS = "$(inherited) @executable_path/Frameworks @loader_path/Frameworks";
				OTHER_LDFLAGS = (
					"$(inherited)",
					"-ObjC",
					"-lc++",
				);
				PRODUCT_BUNDLE_IDENTIFIER = "com.facebook.REACT.rr-tvOSTests";
				PRODUCT_NAME = "$(TARGET_NAME)";
				SDKROOT = appletvos;
				TEST_HOST = "$(BUILT_PRODUCTS_DIR)/rr-tvOS.app/rr-tvOS";
				TVOS_DEPLOYMENT_TARGET = 10.1;
			};
			name = Release;
		};
		83CBBA201A601CBA00E9B192 /* Debug */ = {
			isa = XCBuildConfiguration;
			buildSettings = {
				ALWAYS_SEARCH_USER_PATHS = NO;
				CLANG_CXX_LANGUAGE_STANDARD = "gnu++0x";
				CLANG_CXX_LIBRARY = "libc++";
				CLANG_ENABLE_MODULES = YES;
				CLANG_ENABLE_OBJC_ARC = YES;
				CLANG_WARN_BLOCK_CAPTURE_AUTORELEASING = YES;
				CLANG_WARN_BOOL_CONVERSION = YES;
				CLANG_WARN_COMMA = YES;
				CLANG_WARN_CONSTANT_CONVERSION = YES;
				CLANG_WARN_DEPRECATED_OBJC_IMPLEMENTATIONS = YES;
				CLANG_WARN_DIRECT_OBJC_ISA_USAGE = YES_ERROR;
				CLANG_WARN_EMPTY_BODY = YES;
				CLANG_WARN_ENUM_CONVERSION = YES;
				CLANG_WARN_INFINITE_RECURSION = YES;
				CLANG_WARN_INT_CONVERSION = YES;
				CLANG_WARN_NON_LITERAL_NULL_CONVERSION = YES;
				CLANG_WARN_OBJC_IMPLICIT_RETAIN_SELF = YES;
				CLANG_WARN_OBJC_LITERAL_CONVERSION = YES;
				CLANG_WARN_OBJC_ROOT_CLASS = YES_ERROR;
				CLANG_WARN_RANGE_LOOP_ANALYSIS = YES;
				CLANG_WARN_STRICT_PROTOTYPES = YES;
				CLANG_WARN_SUSPICIOUS_MOVE = YES;
				CLANG_WARN_UNREACHABLE_CODE = YES;
				CLANG_WARN__DUPLICATE_METHOD_MATCH = YES;
				"CODE_SIGN_IDENTITY[sdk=iphoneos*]" = "iPhone Developer";
				COPY_PHASE_STRIP = NO;
				ENABLE_STRICT_OBJC_MSGSEND = YES;
				ENABLE_TESTABILITY = YES;
				GCC_C_LANGUAGE_STANDARD = gnu99;
				GCC_DYNAMIC_NO_PIC = NO;
				GCC_NO_COMMON_BLOCKS = YES;
				GCC_OPTIMIZATION_LEVEL = 0;
				GCC_PREPROCESSOR_DEFINITIONS = (
					"DEBUG=1",
					"$(inherited)",
				);
				GCC_SYMBOLS_PRIVATE_EXTERN = NO;
				GCC_WARN_64_TO_32_BIT_CONVERSION = YES;
				GCC_WARN_ABOUT_RETURN_TYPE = YES_ERROR;
				GCC_WARN_UNDECLARED_SELECTOR = YES;
				GCC_WARN_UNINITIALIZED_AUTOS = YES_AGGRESSIVE;
				GCC_WARN_UNUSED_FUNCTION = YES;
				GCC_WARN_UNUSED_VARIABLE = YES;
				IPHONEOS_DEPLOYMENT_TARGET = 9.0;
				MTL_ENABLE_DEBUG_INFO = YES;
				ONLY_ACTIVE_ARCH = YES;
				SDKROOT = iphoneos;
			};
			name = Debug;
		};
		83CBBA211A601CBA00E9B192 /* Release */ = {
			isa = XCBuildConfiguration;
			buildSettings = {
				ALWAYS_SEARCH_USER_PATHS = NO;
				CLANG_CXX_LANGUAGE_STANDARD = "gnu++0x";
				CLANG_CXX_LIBRARY = "libc++";
				CLANG_ENABLE_MODULES = YES;
				CLANG_ENABLE_OBJC_ARC = YES;
				CLANG_WARN_BLOCK_CAPTURE_AUTORELEASING = YES;
				CLANG_WARN_BOOL_CONVERSION = YES;
				CLANG_WARN_COMMA = YES;
				CLANG_WARN_CONSTANT_CONVERSION = YES;
				CLANG_WARN_DEPRECATED_OBJC_IMPLEMENTATIONS = YES;
				CLANG_WARN_DIRECT_OBJC_ISA_USAGE = YES_ERROR;
				CLANG_WARN_EMPTY_BODY = YES;
				CLANG_WARN_ENUM_CONVERSION = YES;
				CLANG_WARN_INFINITE_RECURSION = YES;
				CLANG_WARN_INT_CONVERSION = YES;
				CLANG_WARN_NON_LITERAL_NULL_CONVERSION = YES;
				CLANG_WARN_OBJC_IMPLICIT_RETAIN_SELF = YES;
				CLANG_WARN_OBJC_LITERAL_CONVERSION = YES;
				CLANG_WARN_OBJC_ROOT_CLASS = YES_ERROR;
				CLANG_WARN_RANGE_LOOP_ANALYSIS = YES;
				CLANG_WARN_STRICT_PROTOTYPES = YES;
				CLANG_WARN_SUSPICIOUS_MOVE = YES;
				CLANG_WARN_UNREACHABLE_CODE = YES;
				CLANG_WARN__DUPLICATE_METHOD_MATCH = YES;
				"CODE_SIGN_IDENTITY[sdk=iphoneos*]" = "iPhone Developer";
				COPY_PHASE_STRIP = YES;
				ENABLE_NS_ASSERTIONS = NO;
				ENABLE_STRICT_OBJC_MSGSEND = YES;
				GCC_C_LANGUAGE_STANDARD = gnu99;
				GCC_NO_COMMON_BLOCKS = YES;
				GCC_WARN_64_TO_32_BIT_CONVERSION = YES;
				GCC_WARN_ABOUT_RETURN_TYPE = YES_ERROR;
				GCC_WARN_UNDECLARED_SELECTOR = YES;
				GCC_WARN_UNINITIALIZED_AUTOS = YES_AGGRESSIVE;
				GCC_WARN_UNUSED_FUNCTION = YES;
				GCC_WARN_UNUSED_VARIABLE = YES;
				IPHONEOS_DEPLOYMENT_TARGET = 9.0;
				MTL_ENABLE_DEBUG_INFO = NO;
				SDKROOT = iphoneos;
				VALIDATE_PRODUCT = YES;
			};
			name = Release;
		};
/* End XCBuildConfiguration section */

/* Begin XCConfigurationList section */
		00E357021AD99517003FC87E /* Build configuration list for PBXNativeTarget "rrTests" */ = {
			isa = XCConfigurationList;
			buildConfigurations = (
				00E356F61AD99517003FC87E /* Debug */,
				00E356F71AD99517003FC87E /* Release */,
			);
			defaultConfigurationIsVisible = 0;
			defaultConfigurationName = Release;
		};
		13B07F931A680F5B00A75B9A /* Build configuration list for PBXNativeTarget "rr" */ = {
			isa = XCConfigurationList;
			buildConfigurations = (
				13B07F941A680F5B00A75B9A /* Debug */,
				13B07F951A680F5B00A75B9A /* Release */,
			);
			defaultConfigurationIsVisible = 0;
			defaultConfigurationName = Release;
		};
		2D02E4BA1E0B4A5E006451C7 /* Build configuration list for PBXNativeTarget "rr-tvOS" */ = {
			isa = XCConfigurationList;
			buildConfigurations = (
				2D02E4971E0B4A5E006451C7 /* Debug */,
				2D02E4981E0B4A5E006451C7 /* Release */,
			);
			defaultConfigurationIsVisible = 0;
			defaultConfigurationName = Release;
		};
		2D02E4BB1E0B4A5E006451C7 /* Build configuration list for PBXNativeTarget "rr-tvOSTests" */ = {
			isa = XCConfigurationList;
			buildConfigurations = (
				2D02E4991E0B4A5E006451C7 /* Debug */,
				2D02E49A1E0B4A5E006451C7 /* Release */,
			);
			defaultConfigurationIsVisible = 0;
			defaultConfigurationName = Release;
		};
		83CBB9FA1A601CBA00E9B192 /* Build configuration list for PBXProject "rr" */ = {
			isa = XCConfigurationList;
			buildConfigurations = (
				83CBBA201A601CBA00E9B192 /* Debug */,
				83CBBA211A601CBA00E9B192 /* Release */,
			);
			defaultConfigurationIsVisible = 0;
			defaultConfigurationName = Release;
		};
/* End XCConfigurationList section */
	};
	rootObject = 83CBB9F71A601CBA00E9B192 /* Project object */;
}
